
Microsoft Visual Studio Solution File, Format Version 12.00
# Visual Studio Version 17
VisualStudioVersion = 17.1.32421.90
MinimumVisualStudioVersion = 10.0.40219.1
Project("{FAE04EC0-301F-11D3-BF4B-00C04F79EFBC}") = "ProductWeb", "ProductWeb\ProductWeb.csproj", "{C4A814FD-73BE-4031-A4A3-EFCCB46A3E17}"
EndProject
Global
	GlobalSection(SolutionConfigurationPlatforms) = preSolution
		Debug|Any CPU = Debug|Any CPU
		Release|Any CPU = Release|Any CPU
	EndGlobalSection
	GlobalSection(ProjectConfigurationPlatforms) = postSolution
		{C4A814FD-73BE-4031-A4A3-EFCCB46A3E17}.Debug|Any CPU.ActiveCfg = Debug|Any CPU
		{C4A814FD-73BE-4031-A4A3-EFCCB46A3E17}.Debug|Any CPU.Build.0 = Debug|Any CPU
		{C4A814FD-73BE-4031-A4A3-EFCCB46A3E17}.Release|Any CPU.ActiveCfg = Release|Any CPU
		{C4A814FD-73BE-4031-A4A3-EFCCB46A3E17}.Release|Any CPU.Build.0 = Release|Any CPU
	EndGlobalSection
	GlobalSection(SolutionProperties) = preSolution
		HideSolutionNode = FALSE
	EndGlobalSection
	GlobalSection(ExtensibilityGlobals) = postSolution
		SolutionGuid = {F032BEDD-21F4-4E6C-A1EC-1CB8347C479D}
	EndGlobalSection
EndGlobal
